
Microsoft Visual Studio Solution File, Format Version 12.00
# Visual Studio Version 17
VisualStudioVersion = 17.8.34511.84
MinimumVisualStudioVersion = 10.0.40219.1
Project("{2150E333-8FDC-42A3-9474-1A3956D46DE8}") = "src", "src", "{09423CF7-DBB1-483B-97C1-0291C9EFAC13}"
EndProject
Project("{2150E333-8FDC-42A3-9474-1A3956D46DE8}") = "Core", "Core", "{2A6F286D-B35F-444C-8E14-5DF4410CF755}"
EndProject
Project("{2150E333-8FDC-42A3-9474-1A3956D46DE8}") = "IoC", "IoC", "{689DC88B-2B4C-4658-8EBC-4BC24EBC8686}"
EndProject
Project("{2150E333-8FDC-42A3-9474-1A3956D46DE8}") = "Abstractions", "Abstractions", "{F3C77B3D-64CF-4263-9594-8B3FD882FA0B}"
EndProject
Project("{9A19103F-16F7-4668-BE54-9A1E7A4F7556}") = "Ud.Core.Abstractions", "src\Core\Abstractions\src\Ud.Core.Abstractions\Ud.Core.Abstractions.csproj", "{AD1167AA-2BD1-4893-884D-EBE99D41C998}"
EndProject
Project("{2150E333-8FDC-42A3-9474-1A3956D46DE8}") = "src", "src", "{11E0B303-01DD-465D-9F7D-AEAD7DD592DB}"
EndProject
Project("{2150E333-8FDC-42A3-9474-1A3956D46DE8}") = "src", "src", "{56147687-AD1C-401F-981A-21AD31C43F2D}"
EndProject
Project("{9A19103F-16F7-4668-BE54-9A1E7A4F7556}") = "Ud.Core.IoC.Abstractions", "src\Core\IoC\src\Ud.Core.IoC.Abstractions\Ud.Core.IoC.Abstractions.csproj", "{49B4441C-0FA3-4504-9C36-67734EADB8A9}"
EndProject
Project("{9A19103F-16F7-4668-BE54-9A1E7A4F7556}") = "Ud.Core.IoC", "src\Core\IoC\src\Ud.Core.IoC\Ud.Core.IoC.csproj", "{7DE15227-72E0-4BA1-A556-2AAD9E9170FA}"
EndProject
Project("{2150E333-8FDC-42A3-9474-1A3956D46DE8}") = "UnitOfWork", "UnitOfWork", "{23283F0B-1416-434C-BC04-6BE0DBDBECB5}"
EndProject
Project("{2150E333-8FDC-42A3-9474-1A3956D46DE8}") = "src", "src", "{959244BE-A7D9-4894-951A-EFC7CF7D6614}"
EndProject
Project("{9A19103F-16F7-4668-BE54-9A1E7A4F7556}") = "Ud.Core.UnitOfWork.Abstractions", "src\Core\UnitOfWork\src\Ud.Core.UnitOfWork.Abstractions\Ud.Core.UnitOfWork.Abstractions.csproj", "{71FD771C-9F19-40FE-89D7-8B003191C136}"
EndProject
Project("{FAE04EC0-301F-11D3-BF4B-00C04F79EFBC}") = "Ud.Core.UnitOfWork", "src\Core\UnitOfWork\src\Ud.Core.UnitOfWork\Ud.Core.UnitOfWork.csproj", "{0F2CCB19-16CF-4096-A2C6-48F5F583BFE5}"
EndProject
Project("{2150E333-8FDC-42A3-9474-1A3956D46DE8}") = "DDD", "DDD", "{5354218F-6D56-47EC-A3E4-336F4C652615}"
EndProject
Project("{2150E333-8FDC-42A3-9474-1A3956D46DE8}") = "src", "src", "{C5C88981-12D6-4427-B587-2E3AED84CD0B}"
EndProject
Project("{FAE04EC0-301F-11D3-BF4B-00C04F79EFBC}") = "Ud.Core.DDD.Abstractions", "src\Core\DDD\src\Ud.Core.DDD.Abstractions\Ud.Core.DDD.Abstractions.csproj", "{F51F7FF9-01DB-4B35-9BB5-53CD693522C7}"
EndProject
Project("{2150E333-8FDC-42A3-9474-1A3956D46DE8}") = "CQRS", "CQRS", "{FB712455-F71B-4A5E-93C5-6D0B3B823701}"
EndProject
Project("{2150E333-8FDC-42A3-9474-1A3956D46DE8}") = "src", "src", "{CA29E851-58E8-4690-84D7-667F2896B3A5}"
EndProject
Project("{FAE04EC0-301F-11D3-BF4B-00C04F79EFBC}") = "Ud.Core.CQRS.Abstractions", "src\Core\CQRS\src\Ud.Core.CQRS.Abstractions\Ud.Core.CQRS.Abstractions.csproj", "{CA87EC2D-4F5F-42AE-8EDB-799DE663C50E}"
EndProject
Project("{FAE04EC0-301F-11D3-BF4B-00C04F79EFBC}") = "Ud.Core.CQRS", "src\Core\CQRS\src\Ud.Core.CQRS\Ud.Core.CQRS.csproj", "{A063E026-4A02-4770-831F-4E04402CC429}"
EndProject
Global
	GlobalSection(SolutionConfigurationPlatforms) = preSolution
		Debug|Any CPU = Debug|Any CPU
		Release|Any CPU = Release|Any CPU
	EndGlobalSection
	GlobalSection(ProjectConfigurationPlatforms) = postSolution
		{AD1167AA-2BD1-4893-884D-EBE99D41C998}.Debug|Any CPU.ActiveCfg = Debug|Any CPU
		{AD1167AA-2BD1-4893-884D-EBE99D41C998}.Debug|Any CPU.Build.0 = Debug|Any CPU
		{AD1167AA-2BD1-4893-884D-EBE99D41C998}.Release|Any CPU.ActiveCfg = Release|Any CPU
		{AD1167AA-2BD1-4893-884D-EBE99D41C998}.Release|Any CPU.Build.0 = Release|Any CPU
		{49B4441C-0FA3-4504-9C36-67734EADB8A9}.Debug|Any CPU.ActiveCfg = Debug|Any CPU
		{49B4441C-0FA3-4504-9C36-67734EADB8A9}.Debug|Any CPU.Build.0 = Debug|Any CPU
		{49B4441C-0FA3-4504-9C36-67734EADB8A9}.Release|Any CPU.ActiveCfg = Release|Any CPU
		{49B4441C-0FA3-4504-9C36-67734EADB8A9}.Release|Any CPU.Build.0 = Release|Any CPU
		{7DE15227-72E0-4BA1-A556-2AAD9E9170FA}.Debug|Any CPU.ActiveCfg = Debug|Any CPU
		{7DE15227-72E0-4BA1-A556-2AAD9E9170FA}.Debug|Any CPU.Build.0 = Debug|Any CPU
		{7DE15227-72E0-4BA1-A556-2AAD9E9170FA}.Release|Any CPU.ActiveCfg = Release|Any CPU
		{7DE15227-72E0-4BA1-A556-2AAD9E9170FA}.Release|Any CPU.Build.0 = Release|Any CPU
		{71FD771C-9F19-40FE-89D7-8B003191C136}.Debug|Any CPU.ActiveCfg = Debug|Any CPU
		{71FD771C-9F19-40FE-89D7-8B003191C136}.Debug|Any CPU.Build.0 = Debug|Any CPU
		{71FD771C-9F19-40FE-89D7-8B003191C136}.Release|Any CPU.ActiveCfg = Release|Any CPU
		{71FD771C-9F19-40FE-89D7-8B003191C136}.Release|Any CPU.Build.0 = Release|Any CPU
		{0F2CCB19-16CF-4096-A2C6-48F5F583BFE5}.Debug|Any CPU.ActiveCfg = Debug|Any CPU
		{0F2CCB19-16CF-4096-A2C6-48F5F583BFE5}.Debug|Any CPU.Build.0 = Debug|Any CPU
		{0F2CCB19-16CF-4096-A2C6-48F5F583BFE5}.Release|Any CPU.ActiveCfg = Release|Any CPU
		{0F2CCB19-16CF-4096-A2C6-48F5F583BFE5}.Release|Any CPU.Build.0 = Release|Any CPU
		{F51F7FF9-01DB-4B35-9BB5-53CD693522C7}.Debug|Any CPU.ActiveCfg = Debug|Any CPU
		{F51F7FF9-01DB-4B35-9BB5-53CD693522C7}.Debug|Any CPU.Build.0 = Debug|Any CPU
		{F51F7FF9-01DB-4B35-9BB5-53CD693522C7}.Release|Any CPU.ActiveCfg = Release|Any CPU
		{F51F7FF9-01DB-4B35-9BB5-53CD693522C7}.Release|Any CPU.Build.0 = Release|Any CPU
		{CA87EC2D-4F5F-42AE-8EDB-799DE663C50E}.Debug|Any CPU.ActiveCfg = Debug|Any CPU
		{CA87EC2D-4F5F-42AE-8EDB-799DE663C50E}.Debug|Any CPU.Build.0 = Debug|Any CPU
		{CA87EC2D-4F5F-42AE-8EDB-799DE663C50E}.Release|Any CPU.ActiveCfg = Release|Any CPU
		{CA87EC2D-4F5F-42AE-8EDB-799DE663C50E}.Release|Any CPU.Build.0 = Release|Any CPU
		{A063E026-4A02-4770-831F-4E04402CC429}.Debug|Any CPU.ActiveCfg = Debug|Any CPU
		{A063E026-4A02-4770-831F-4E04402CC429}.Debug|Any CPU.Build.0 = Debug|Any CPU
		{A063E026-4A02-4770-831F-4E04402CC429}.Release|Any CPU.ActiveCfg = Release|Any CPU
		{A063E026-4A02-4770-831F-4E04402CC429}.Release|Any CPU.Build.0 = Release|Any CPU
	EndGlobalSection
	GlobalSection(SolutionProperties) = preSolution
		HideSolutionNode = FALSE
	EndGlobalSection
	GlobalSection(NestedProjects) = preSolution
		{2A6F286D-B35F-444C-8E14-5DF4410CF755} = {09423CF7-DBB1-483B-97C1-0291C9EFAC13}
		{689DC88B-2B4C-4658-8EBC-4BC24EBC8686} = {2A6F286D-B35F-444C-8E14-5DF4410CF755}
		{F3C77B3D-64CF-4263-9594-8B3FD882FA0B} = {2A6F286D-B35F-444C-8E14-5DF4410CF755}
		{AD1167AA-2BD1-4893-884D-EBE99D41C998} = {11E0B303-01DD-465D-9F7D-AEAD7DD592DB}
		{11E0B303-01DD-465D-9F7D-AEAD7DD592DB} = {F3C77B3D-64CF-4263-9594-8B3FD882FA0B}
		{56147687-AD1C-401F-981A-21AD31C43F2D} = {689DC88B-2B4C-4658-8EBC-4BC24EBC8686}
		{49B4441C-0FA3-4504-9C36-67734EADB8A9} = {56147687-AD1C-401F-981A-21AD31C43F2D}
		{7DE15227-72E0-4BA1-A556-2AAD9E9170FA} = {56147687-AD1C-401F-981A-21AD31C43F2D}
		{23283F0B-1416-434C-BC04-6BE0DBDBECB5} = {2A6F286D-B35F-444C-8E14-5DF4410CF755}
		{959244BE-A7D9-4894-951A-EFC7CF7D6614} = {23283F0B-1416-434C-BC04-6BE0DBDBECB5}
		{71FD771C-9F19-40FE-89D7-8B003191C136} = {959244BE-A7D9-4894-951A-EFC7CF7D6614}
		{0F2CCB19-16CF-4096-A2C6-48F5F583BFE5} = {959244BE-A7D9-4894-951A-EFC7CF7D6614}
		{5354218F-6D56-47EC-A3E4-336F4C652615} = {2A6F286D-B35F-444C-8E14-5DF4410CF755}
		{C5C88981-12D6-4427-B587-2E3AED84CD0B} = {5354218F-6D56-47EC-A3E4-336F4C652615}
		{F51F7FF9-01DB-4B35-9BB5-53CD693522C7} = {C5C88981-12D6-4427-B587-2E3AED84CD0B}
		{FB712455-F71B-4A5E-93C5-6D0B3B823701} = {2A6F286D-B35F-444C-8E14-5DF4410CF755}
		{CA29E851-58E8-4690-84D7-667F2896B3A5} = {FB712455-F71B-4A5E-93C5-6D0B3B823701}
		{CA87EC2D-4F5F-42AE-8EDB-799DE663C50E} = {CA29E851-58E8-4690-84D7-667F2896B3A5}
		{A063E026-4A02-4770-831F-4E04402CC429} = {CA29E851-58E8-4690-84D7-667F2896B3A5}
	EndGlobalSection
	GlobalSection(ExtensibilityGlobals) = postSolution
		SolutionGuid = {3F76D91D-38D8-4FE7-BED3-CA764973BBA0}
	EndGlobalSection
EndGlobal
